
Microsoft Visual Studio Solution File, Format Version 12.00
# Visual Studio 2013
VisualStudioVersion = 12.0.21005.1
MinimumVisualStudioVersion = 10.0.40219.1
Project("{FAE04EC0-301F-11D3-BF4B-00C04F79EFBC}") = "IOC.app", "IOC\IOC.app.csproj", "{43BE2053-F467-4D3F-8D4C-4DC8CBC5697E}"
EndProject
Project("{FAE04EC0-301F-11D3-BF4B-00C04F79EFBC}") = "IOC.UnitTests", "IOC.UnitTests\IOC.UnitTests.csproj", "{F61EAE01-FC32-47AD-8A30-2EEFC777C7D8}"
EndProject
Global
	GlobalSection(SolutionConfigurationPlatforms) = preSolution
		Debug|Any CPU = Debug|Any CPU
		Release|Any CPU = Release|Any CPU
	EndGlobalSection
	GlobalSection(ProjectConfigurationPlatforms) = postSolution
		{43BE2053-F467-4D3F-8D4C-4DC8CBC5697E}.Debug|Any CPU.ActiveCfg = Debug|Any CPU
		{43BE2053-F467-4D3F-8D4C-4DC8CBC5697E}.Debug|Any CPU.Build.0 = Debug|Any CPU
		{43BE2053-F467-4D3F-8D4C-4DC8CBC5697E}.Release|Any CPU.ActiveCfg = Release|Any CPU
		{43BE2053-F467-4D3F-8D4C-4DC8CBC5697E}.Release|Any CPU.Build.0 = Release|Any CPU
		{F61EAE01-FC32-47AD-8A30-2EEFC777C7D8}.Debug|Any CPU.ActiveCfg = Debug|Any CPU
		{F61EAE01-FC32-47AD-8A30-2EEFC777C7D8}.Debug|Any CPU.Build.0 = Debug|Any CPU
		{F61EAE01-FC32-47AD-8A30-2EEFC777C7D8}.Release|Any CPU.ActiveCfg = Release|Any CPU
		{F61EAE01-FC32-47AD-8A30-2EEFC777C7D8}.Release|Any CPU.Build.0 = Release|Any CPU
	EndGlobalSection
	GlobalSection(SolutionProperties) = preSolution
		HideSolutionNode = FALSE
	EndGlobalSection
EndGlobal
